# This file is automatically @generated by Poetry 1.8.5 and should not be changed by hand.

[[package]]
name = "polars"
version = "1.19.0"
description = "Blazingly fast DataFrame library"
optional = false
python-versions = ">=3.9"
files = [
    {file = "polars-1.19.0-cp39-abi3-macosx_10_12_x86_64.whl", hash = "sha256:51c01837268a1aa41785e60ed7d3363d4b52f652ab0eef4981f887bdfa2e9ca7"},
    {file = "polars-1.19.0-cp39-abi3-macosx_11_0_arm64.whl", hash = "sha256:20f8235e810f6ee795d7a215a3560945e6a1b57d017f87ba0c8542dced1fc665"},
    {file = "polars-1.19.0-cp39-abi3-manylinux_2_17_x86_64.manylinux2014_x86_64.whl", hash = "sha256:be0ea51f7b3553652bf0d53f3b925e969a898d4feb9980acecf8e3037d696903"},
    {file = "polars-1.19.0-cp39-abi3-manylinux_2_24_aarch64.whl", hash = "sha256:30305ef4e1b634c67a5d985832296fade9908482c5b1abb0100800808b2d090e"},
    {file = "polars-1.19.0-cp39-abi3-win_amd64.whl", hash = "sha256:de4aa45e24f8f94a1da9cc6031a7db6fa65ac7de8246fac0bc581ebb427d0643"},
    {file = "polars-1.19.0-cp39-abi3-win_arm64.whl", hash = "sha256:d7ca7aeb63fa22c0a00f6cfa95dd5252c249e83dd4d1b954583a59f97a8e407b"},
    {file = "polars-1.19.0.tar.gz", hash = "sha256:b52ada5c43fcdadf64f282522198c5549ee4e46ea57d236a4d7e572643070d9d"},
]

[package.extras]
adbc = ["adbc-driver-manager[dbapi]", "adbc-driver-sqlite[dbapi]"]
all = ["polars[async,cloudpickle,database,deltalake,excel,fsspec,graph,iceberg,numpy,pandas,plot,pyarrow,pydantic,style,timezone]"]
async = ["gevent"]
calamine = ["fastexcel (>=0.9)"]
cloudpickle = ["cloudpickle"]
connectorx = ["connectorx (>=0.3.2)"]
database = ["nest-asyncio", "polars[adbc,connectorx,sqlalchemy]"]
deltalake = ["deltalake (>=0.19.0)"]
excel = ["polars[calamine,openpyxl,xlsx2csv,xlsxwriter]"]
fsspec = ["fsspec"]
gpu = ["cudf-polars-cu12"]
graph = ["matplotlib"]
iceberg = ["pyiceberg (>=0.5.0)"]
numpy = ["numpy (>=1.16.0)"]
openpyxl = ["openpyxl (>=3.0.0)"]
pandas = ["pandas", "polars[pyarrow]"]
plot = ["altair (>=5.4.0)"]
pyarrow = ["pyarrow (>=7.0.0)"]
pydantic = ["pydantic"]
sqlalchemy = ["polars[pandas]", "sqlalchemy"]
style = ["great-tables (>=0.8.0)"]
timezone = ["tzdata"]
xlsx2csv = ["xlsx2csv (>=0.8.0)"]
xlsxwriter = ["xlsxwriter"]

[metadata]
lock-version = "2.0"
python-versions = "^3.10"
content-hash = "82acecf9aeb327355a3951e54bf00ecc95ba6a2d3892855b7d4c0183beffb244"
